// !$*UTF8*$!
{
	archiveVersion = 1;
	classes = {
	};
	objectVersion = 46;
	objects = {

/* Begin PBXBuildFile section */
		FF101DF81BA6DFA800973778 /* main.m in Sources */ = {isa = PBXBuildFile; fileRef = FF101DF71BA6DFA800973778 /* main.m */; };
		FF101DFB1BA6DFA800973778 /* AppDelegate.m in Sources */ = {isa = PBXBuildFile; fileRef = FF101DFA1BA6DFA800973778 /* AppDelegate.m */; };
		FF101DFE1BA6DFA800973778 /* ViewController.m in Sources */ = {isa = PBXBuildFile; fileRef = FF101DFD1BA6DFA800973778 /* ViewController.m */; };
		FF101E011BA6DFA800973778 /* Main.storyboard in Resources */ = {isa = PBXBuildFile; fileRef = FF101DFF1BA6DFA800973778 /* Main.storyboard */; };
		FF101E031BA6DFA800973778 /* Assets.xcassets in Resources */ = {isa = PBXBuildFile; fileRef = FF101E021BA6DFA800973778 /* Assets.xcassets */; };
		FF101E061BA6DFA800973778 /* LaunchScreen.storyboard in Resources */ = {isa = PBXBuildFile; fileRef = FF101E041BA6DFA800973778 /* LaunchScreen.storyboard */; };
/* End PBXBuildFile section */

/* Begin PBXFileReference section */
		FF101DF31BA6DFA800973778 /* TableView.app */ = {isa = PBXFileReference; explicitFileType = wrapper.application; includeInIndex = 0; path = TableView.app; sourceTree = BUILT_PRODUCTS_DIR; };
		FF101DF71BA6DFA800973778 /* main.m */ = {isa = PBXFileReference; lastKnownFileType = sourcecode.c.objc; path = main.m; sourceTree = "<group>"; };
		FF101DF91BA6DFA800973778 /* AppDelegate.h */ = {isa = PBXFileReference; lastKnownFileType = sourcecode.c.h; path = AppDelegate.h; sourceTree = "<group>"; };
		FF101DFA1BA6DFA800973778 /* AppDelegate.m */ = {isa = PBXFileReference; lastKnownFileType = sourcecode.c.objc; path = AppDelegate.m; sourceTree = "<group>"; };
		FF101DFC1BA6DFA800973778 /* ViewController.h */ = {isa = PBXFileReference; lastKnownFileType = sourcecode.c.h; path = ViewController.h; sourceTree = "<group>"; };
		FF101DFD1BA6DFA800973778 /* ViewController.m */ = {isa = PBXFileReference; lastKnownFileType = sourcecode.c.objc; path = ViewController.m; sourceTree = "<group>"; };
		FF101E001BA6DFA800973778 /* Base */ = {isa = PBXFileReference; lastKnownFileType = file.storyboard; name = Base; path = Base.lproj/Main.storyboard; sourceTree = "<group>"; };
		FF101E021BA6DFA800973778 /* Assets.xcassets */ = {isa = PBXFileReference; lastKnownFileType = folder.assetcatalog; path = Assets.xcassets; sourceTree = "<group>"; };
		FF101E051BA6DFA800973778 /* Base */ = {isa = PBXFileReference; lastKnownFileType = file.storyboard; name = Base; path = Base.lproj/LaunchScreen.storyboard; sourceTree = "<group>"; };
		FF101E071BA6DFA800973778 /* Info.plist */ = {isa = PBXFileReference; lastKnownFileType = text.plist.xml; path = Info.plist; sourceTree = "<group>"; };
/* End PBXFileReference section */

/* Begin PBXFrameworksBuildPhase section */
		FF101DF01BA6DFA800973778 /* Frameworks */ = {
			isa = PBXFrameworksBuildPhase;
			buildActionMask = 2147483647;
			files = (
			);
			runOnlyForDeploymentPostprocessing = 0;
		};
/* End PBXFrameworksBuildPhase section */

/* Begin PBXGroup section */
		FF101DEA1BA6DFA800973778 = {
			isa = PBXGroup;
			children = (
				FF101DF51BA6DFA800973778 /* TableView */,
				FF101DF41BA6DFA800973778 /* Products */,
			);
			sourceTree = "<group>";
		};
		FF101DF41BA6DFA800973778 /* Products */ = {
			isa = PBXGroup;
			children = (
				FF101DF31BA6DFA800973778 /* TableView.app */,
			);
			name = Products;
			sourceTree = "<group>";
		};
		FF101DF51BA6DFA800973778 /* TableView */ = {
			isa = PBXGroup;
			children = (
				FF101DF91BA6DFA800973778 /* AppDelegate.h */,
				FF101DFA1BA6DFA800973778 /* AppDelegate.m */,
				FF101DFC1BA6DFA800973778 /* ViewController.h */,
				FF101DFD1BA6DFA800973778 /* ViewController.m */,
				FF101DFF1BA6DFA800973778 /* Main.storyboard */,
				FF101E021BA6DFA800973778 /* Assets.xcassets */,
				FF101E041BA6DFA800973778 /* LaunchScreen.storyboard */,
				FF101E071BA6DFA800973778 /* Info.plist */,
				FF101DF61BA6DFA800973778 /* Supporting Files */,
			);
			path = TableView;
			sourceTree = "<group>";
		};
		FF101DF61BA6DFA800973778 /* Supporting Files */ = {
			isa = PBXGroup;
			children = (
				FF101DF71BA6DFA800973778 /* main.m */,
			);
			name = "Supporting Files";
			sourceTree = "<group>";
		};
/* End PBXGroup section */

/* Begin PBXNativeTarget section */
		FF101DF21BA6DFA800973778 /* TableView */ = {
			isa = PBXNativeTarget;
			buildConfigurationList = FF101E0A1BA6DFA800973778 /* Build configuration list for PBXNativeTarget "TableView" */;
			buildPhases = (
				FF101DEF1BA6DFA800973778 /* Sources */,
				FF101DF01BA6DFA800973778 /* Frameworks */,
				FF101DF11BA6DFA800973778 /* Resources */,
			);
			buildRules = (
			);
			dependencies = (
			);
			name = TableView;
			productName = TableView;
			productReference = FF101DF31BA6DFA800973778 /* TableView.app */;
			productType = "com.apple.product-type.application";
		};
/* End PBXNativeTarget section */

/* Begin PBXProject section */
		FF101DEB1BA6DFA800973778 /* Project object */ = {
			isa = PBXProject;
			attributes = {
				LastUpgradeCheck = 0700;
				ORGANIZATIONNAME = "Bhavik Panchal";
				TargetAttributes = {
					FF101DF21BA6DFA800973778 = {
						CreatedOnToolsVersion = 7.0;
					};
				};
			};
			buildConfigurationList = FF101DEE1BA6DFA800973778 /* Build configuration list for PBXProject "TableView" */;
			compatibilityVersion = "Xcode 3.2";
			developmentRegion = English;
			hasScannedForEncodings = 0;
			knownRegions = (
				en,
				Base,
			);
			mainGroup = FF101DEA1BA6DFA800973778;
			productRefGroup = FF101DF41BA6DFA800973778 /* Products */;
			projectDirPath = "";
			projectRoot = "";
			targets = (
				FF101DF21BA6DFA800973778 /* TableView */,
			);
		};
/* End PBXProject section */

/* Begin PBXResourcesBuildPhase section */
		FF101DF11BA6DFA800973778 /* Resources */ = {
			isa = PBXResourcesBuildPhase;
			buildActionMask = 2147483647;
			files = (
				FF101E061BA6DFA800973778 /* LaunchScreen.storyboard in Resources */,
				FF101E031BA6DFA800973778 /* Assets.xcassets in Resources */,
				FF101E011BA6DFA800973778 /* Main.storyboard in Resources */,
			);
			runOnlyForDeploymentPostprocessing = 0;
		};
/* End PBXResourcesBuildPhase section */

/* Begin PBXSourcesBuildPhase section */
		FF101DEF1BA6DFA800973778 /* Sources */ = {
			isa = PBXSourcesBuildPhase;
			buildActionMask = 2147483647;
			files = (
				FF101DFE1BA6DFA800973778 /* ViewController.m in Sources */,
				FF101DFB1BA6DFA800973778 /* AppDelegate.m in Sources */,
				FF101DF81BA6DFA800973778 /* main.m in Sources */,
			);
			runOnlyForDeploymentPostprocessing = 0;
		};
/* End PBXSourcesBuildPhase section */

/* Begin PBXVariantGroup section */
		FF101DFF1BA6DFA800973778 /* Main.storyboard */ = {
			isa = PBXVariantGroup;
			children = (
				FF101E001BA6DFA800973778 /* Base */,
			);
			name = Main.storyboard;
			sourceTree = "<group>";
		};
		FF101E041BA6DFA800973778 /* LaunchScreen.storyboard */ = {
			isa = PBXVariantGroup;
			children = (
				FF101E051BA6DFA800973778 /* Base */,
			);
			name = LaunchScreen.storyboard;
			sourceTree = "<group>";
		};
/* End PBXVariantGroup section */

/* Begin XCBuildConfiguration section */
		FF101E081BA6DFA800973778 /* Debug */ = {
			isa = XCBuildConfiguration;
			buildSettings = {
				ALWAYS_SEARCH_USER_PATHS = NO;
				CLANG_CXX_LANGUAGE_STANDARD = "gnu++0x";
				CLANG_CXX_LIBRARY = "libc++";
				CLANG_ENABLE_MODULES = YES;
				CLANG_ENABLE_OBJC_ARC = YES;
				CLANG_WARN_BOOL_CONVERSION = YES;
				CLANG_WARN_CONSTANT_CONVERSION = YES;
				CLANG_WARN_DIRECT_OBJC_ISA_USAGE = YES_ERROR;
				CLANG_WARN_EMPTY_BODY = YES;
				CLANG_WARN_ENUM_CONVERSION = YES;
				CLANG_WARN_INT_CONVERSION = YES;
				CLANG_WARN_OBJC_ROOT_CLASS = YES_ERROR;
				CLANG_WARN_UNREACHABLE_CODE = YES;
				CLANG_WARN__DUPLICATE_METHOD_MATCH = YES;
				"CODE_SIGN_IDENTITY[sdk=iphoneos*]" = "iPhone Developer";
				COPY_PHASE_STRIP = NO;
				DEBUG_INFORMATION_FORMAT = dwarf;
				ENABLE_STRICT_OBJC_MSGSEND = YES;
				ENABLE_TESTABILITY = YES;
				GCC_C_LANGUAGE_STANDARD = gnu99;
				GCC_DYNAMIC_NO_PIC = NO;
				GCC_NO_COMMON_BLOCKS = YES;
				GCC_OPTIMIZATION_LEVEL = 0;
				GCC_PREPROCESSOR_DEFINITIONS = (
					"DEBUG=1",
					"$(inherited)",
				);
				GCC_WARN_64_TO_32_BIT_CONVERSION = YES;
				GCC_WARN_ABOUT_RETURN_TYPE = YES_ERROR;
				GCC_WARN_UNDECLARED_SELECTOR = YES;
				GCC_WARN_UNINITIALIZED_AUTOS = YES_AGGRESSIVE;
				GCC_WARN_UNUSED_FUNCTION = YES;
				GCC_WARN_UNUSED_VARIABLE = YES;
				IPHONEOS_DEPLOYMENT_TARGET = 9.0;
				MTL_ENABLE_DEBUG_INFO = YES;
				ONLY_ACTIVE_ARCH = YES;
				SDKROOT = iphoneos;
				TARGETED_DEVICE_FAMILY = "1,2";
			};
			name = Debug;
		};
		FF101E091BA6DFA800973778 /* Release */ = {
			isa = XCBuildConfiguration;
			buildSettings = {
				ALWAYS_SEARCH_USER_PATHS = NO;
				CLANG_CXX_LANGUAGE_STANDARD = "gnu++0x";
				CLANG_CXX_LIBRARY = "libc++";
				CLANG_ENABLE_MODULES = YES;
				CLANG_ENABLE_OBJC_ARC = YES;
				CLANG_WARN_BOOL_CONVERSION = YES;
				CLANG_WARN_CONSTANT_CONVERSION = YES;
				CLANG_WARN_DIRECT_OBJC_ISA_USAGE = YES_ERROR;
				CLANG_WARN_EMPTY_BODY = YES;
				CLANG_WARN_ENUM_CONVERSION = YES;
				CLANG_WARN_INT_CONVERSION = YES;
				CLANG_WARN_OBJC_ROOT_CLASS = YES_ERROR;
				CLANG_WARN_UNREACHABLE_CODE = YES;
				CLANG_WARN__DUPLICATE_METHOD_MATCH = YES;
				"CODE_SIGN_IDENTITY[sdk=iphoneos*]" = "iPhone Developer";
				COPY_PHASE_STRIP = NO;
				DEBUG_INFORMATION_FORMAT = "dwarf-with-dsym";
				ENABLE_NS_ASSERTIONS = NO;
				ENABLE_STRICT_OBJC_MSGSEND = YES;
				GCC_C_LANGUAGE_STANDARD = gnu99;
				GCC_NO_COMMON_BLOCKS = YES;
				GCC_WARN_64_TO_32_BIT_CONVERSION = YES;
				GCC_WARN_ABOUT_RETURN_TYPE = YES_ERROR;
				GCC_WARN_UNDECLARED_SELECTOR = YES;
				GCC_WARN_UNINITIALIZED_AUTOS = YES_AGGRESSIVE;
				GCC_WARN_UNUSED_FUNCTION = YES;
				GCC_WARN_UNUSED_VARIABLE = YES;
				IPHONEOS_DEPLOYMENT_TARGET = 9.0;
				MTL_ENABLE_DEBUG_INFO = NO;
				SDKROOT = iphoneos;
				TARGETED_DEVICE_FAMILY = "1,2";
				VALIDATE_PRODUCT = YES;
			};
			name = Release;
		};
		FF101E0B1BA6DFA800973778 /* Debug */ = {
			isa = XCBuildConfiguration;
			buildSettings = {
				ASSETCATALOG_COMPILER_APPICON_NAME = AppIcon;
				INFOPLIST_FILE = TableView/Info.plist;
				LD_RUNPATH_SEARCH_PATHS = "$(inherited) @executable_path/Frameworks";
				PRODUCT_BUNDLE_IDENTIFIER = panchal.TableView;
				PRODUCT_NAME = "$(TARGET_NAME)";
			};
			name = Debug;
		};
		FF101E0C1BA6DFA800973778 /* Release */ = {
			isa = XCBuildConfiguration;
			buildSettings = {
				ASSETCATALOG_COMPILER_APPICON_NAME = AppIcon;
				INFOPLIST_FILE = TableView/Info.plist;
				LD_RUNPATH_SEARCH_PATHS = "$(inherited) @executable_path/Frameworks";
				PRODUCT_BUNDLE_IDENTIFIER = panchal.TableView;
				PRODUCT_NAME = "$(TARGET_NAME)";
			};
			name = Release;
		};
/* End XCBuildConfiguration section */

/* Begin XCConfigurationList section */
		FF101DEE1BA6DFA800973778 /* Build configuration list for PBXProject "TableView" */ = {
			isa = XCConfigurationList;
			buildConfigurations = (
				FF101E081BA6DFA800973778 /* Debug */,
				FF101E091BA6DFA800973778 /* Release */,
			);
			defaultConfigurationIsVisible = 0;
			defaultConfigurationName = Release;
		};
		FF101E0A1BA6DFA800973778 /* Build configuration list for PBXNativeTarget "TableView" */ = {
			isa = XCConfigurationList;
			buildConfigurations = (
				FF101E0B1BA6DFA800973778 /* Debug */,
				FF101E0C1BA6DFA800973778 /* Release */,
			);
			defaultConfigurationIsVisible = 0;
		};
/* End XCConfigurationList section */
	};
	rootObject = FF101DEB1BA6DFA800973778 /* Project object */;
}
